{
  "name": "recipeweave-workspace",
  "lockfileVersion": 3,
  "requires": true,
  "packages": {
    "": {
      "name": "recipeweave-workspace",
      "devDependencies": {
        "@moonrepo/cli": "2.5.4"
      }
    },
    "node_modules/@moonrepo/cli": {
      "version": "2.5.4",
      "resolved": "https://registry.npmjs.org/@moonrepo/cli/-/cli-2.5.4.tgz",
      "integrity": "sha512-iWIT0nJoMqqlicVpgCnyBInnS3zxzASYBc0uFX9r9RpKm8rlqUDDodV94+UrXd5GtHpKSIfKW1Aj+oFIDXAeLw==",
      "dev": true,
      "license": "MIT",
      "dependencies": {
        "detect-libc": "^2.1.2"
      },
      "bin": {
        "moon": "moon.js",
        "moonx": "moonx.js"
      },
      "optionalDependencies": {
        "@moonrepo/core-linux-arm64-gnu": "2.5.4",
        "@moonrepo/core-linux-arm64-musl": "2.5.4",
        "@moonrepo/core-linux-x64-gnu": "2.5.4",
        "@moonrepo/core-linux-x64-musl": "2.5.4",
        "@moonrepo/core-macos-arm64": "2.5.4",
        "@moonrepo/core-macos-x64": "2.5.4",
        "@moonrepo/core-windows-x64-msvc": "2.5.4"
      }
    },
    "node_modules/@moonrepo/core-linux-arm64-gnu": {
      "version": "2.5.4",
      "resolved": "https://registry.npmjs.org/@moonrepo/core-linux-arm64-gnu/-/core-linux-arm64-gnu-2.5.4.tgz",
      "integrity": "sha512-oh5xfEhPA6fjN/N5WaSWyE/9dCDJf7fQXhBMFnCoi9XaE7TDrygiIXcHRkJ71Rr0oHVH9RA/cs8P7q7C4OPnYA==",
      "cpu": [
        "arm64"
      ],
      "dev": true,
      "license": "MIT",
      "optional": true,
      "os": [
        "linux"
      ]
    },
    "node_modules/@moonrepo/core-linux-arm64-musl": {
      "version": "2.5.4",
      "resolved": "https://registry.npmjs.org/@moonrepo/core-linux-arm64-musl/-/core-linux-arm64-musl-2.5.4.tgz",
      "integrity": "sha512-KEaadA6ZWXhEO0iE5jdLjtkq1bjUj1s0ZbkqVeVY2shQkh04DE2W82AkuyEga7AHZwJRbTlHfEzk9L2cGvHdBg==",
      "cpu": [
        "arm64"
      ],
      "dev": true,
      "license": "MIT",
      "optional": true,
      "os": [
        "linux"
      ]
    },
    "node_modules/@moonrepo/core-linux-x64-gnu": {
      "version": "2.5.4",
      "resolved": "https://registry.npmjs.org/@moonrepo/core-linux-x64-gnu/-/core-linux-x64-gnu-2.5.4.tgz",
      "integrity": "sha512-rq8G+vK/7MLaWHfSOwkW2CI3vOyeKvUIH64VAq/FySzQKn3MB8hl07it4CS8MLZ4alvdWfIO4QE9B7+CBWS+Kg==",
      "cpu": [
        "x64"
      ],
      "dev": true,
      "license": "MIT",
      "optional": true,
      "os": [
        "linux"
      ]
    },
    "node_modules/@moonrepo/core-linux-x64-musl": {
      "version": "2.5.4",
      "resolved": "https://registry.npmjs.org/@moonrepo/core-linux-x64-musl/-/core-linux-x64-musl-2.5.4.tgz",
      "integrity": "sha512-gk5C4wyvOR/r92Rxv/8UgJ4uSaqZt3Tk7bQ9sVQAGzcF82TG+JgwXxHkscvsU6p76UbVyCV4ZgFrG9OsflfndQ==",
      "cpu": [
        "x64"
      ],
      "dev": true,
      "license": "MIT",
      "optional": true,
      "os": [
        "linux"
      ]
    },
    "node_modules/@moonrepo/core-macos-arm64": {
      "version": "2.5.4",
      "resolved": "https://registry.npmjs.org/@moonrepo/core-macos-arm64/-/core-macos-arm64-2.5.4.tgz",
      "integrity": "sha512-7/5bbEoth9ZFeZpoq3Hr+L46Q5oTrPNbTYR4Bb4/ERjabF69W9o5XM5eLi3JITazmevmVmBAkImcOwMVliAVVw==",
      "cpu": [
        "arm64"
      ],
      "dev": true,
      "license": "MIT",
      "optional": true,
      "os": [
        "darwin"
      ]
    },
    "node_modules/@moonrepo/core-macos-x64": {
      "version": "2.5.4",
      "resolved": "https://registry.npmjs.org/@moonrepo/core-macos-x64/-/core-macos-x64-2.5.4.tgz",
      "integrity": "sha512-FyWP8DJTyf3WUjWiybF4V6ZImrTf6DbIY3eVmqxAt1ISAmfUcHPhiHwR/hCpp78rIcq9YTbDHQe3meZzX6bjbg==",
      "cpu": [
        "x64"
      ],
      "dev": true,
      "license": "MIT",
      "optional": true,
      "os": [
        "darwin"
      ]
    },
    "node_modules/@moonrepo/core-windows-x64-msvc": {
      "version": "2.5.4",
      "resolved": "https://registry.npmjs.org/@moonrepo/core-windows-x64-msvc/-/core-windows-x64-msvc-2.5.4.tgz",
      "integrity": "sha512-+VJO6YlQwNQlJMfdZqa1kaYGjQw7/ksq6dbz0yA18buH7UwLoipEUqjbOJQGPh/Wn9hzL6rtIjKXITqMcSK3aQ==",
      "cpu": [
        "x64"
      ],
      "dev": true,
      "license": "MIT",
      "optional": true,
      "os": [
        "win32"
      ]
    },
    "node_modules/detect-libc": {
      "version": "2.1.2",
      "resolved": "https://registry.npmjs.org/detect-libc/-/detect-libc-2.1.2.tgz",
      "integrity": "sha512-Btj2BOOO83o3WyH59e8MgXsxEQVcarkUOpEYrubB0urwnN10yQ364rsiByU11nZlqWYZm05i/of7io4mzihBtQ==",
      "dev": true,
      "license": "Apache-2.0",
      "engines": {
        "node": ">=8"
      }
    }
  }
}
